// !$*UTF8*$!
{
	archiveVersion = 1;
	classes = {
	};
	objectVersion = 50;
	objects = {

/* Begin PBXBuildFile section */
		1F00B7A8210E3DF90074D844 /* MetersData.swift in Sources */ = {isa = PBXBuildFile; fileRef = 1F00B7A7210E3DF90074D844 /* MetersData.swift */; };
		1F00B7AA210E3FA70074D844 /* MetersDataInteractor.swift in Sources */ = {isa = PBXBuildFile; fileRef = 1F00B7A9210E3FA70074D844 /* MetersDataInteractor.swift */; };
		1F00B7AC210E402F0074D844 /* DbConnectionInteractor.swift in Sources */ = {isa = PBXBuildFile; fileRef = 1F00B7AB210E402F0074D844 /* DbConnectionInteractor.swift */; };
		1F6A357C2104F27C00402BDE /* AppDelegate.swift in Sources */ = {isa = PBXBuildFile; fileRef = 1F6A357B2104F27C00402BDE /* AppDelegate.swift */; };
		1F6A357E2104F27C00402BDE /* MainVC.swift in Sources */ = {isa = PBXBuildFile; fileRef = 1F6A357D2104F27C00402BDE /* MainVC.swift */; };
		1F6A35812104F27C00402BDE /* MainVC.storyboard in Resources */ = {isa = PBXBuildFile; fileRef = 1F6A357F2104F27C00402BDE /* MainVC.storyboard */; };
		1F6A35832104F27E00402BDE /* Assets.xcassets in Resources */ = {isa = PBXBuildFile; fileRef = 1F6A35822104F27E00402BDE /* Assets.xcassets */; };
		1F6A35862104F27E00402BDE /* LaunchScreen.storyboard in Resources */ = {isa = PBXBuildFile; fileRef = 1F6A35842104F27E00402BDE /* LaunchScreen.storyboard */; };
		1F6A358E21050A3100402BDE /* MainCell.swift in Sources */ = {isa = PBXBuildFile; fileRef = 1F6A358D21050A3100402BDE /* MainCell.swift */; };
		1F6A359021050A3B00402BDE /* MainCell.xib in Resources */ = {isa = PBXBuildFile; fileRef = 1F6A358F21050A3B00402BDE /* MainCell.xib */; };
		F27524ED031B97301C13F61A /* Pods_Kvarplata.framework in Frameworks */ = {isa = PBXBuildFile; fileRef = CB04351EE789A81E91BE2086 /* Pods_Kvarplata.framework */; };
/* End PBXBuildFile section */

/* Begin PBXFileReference section */
		1F00B7A7210E3DF90074D844 /* MetersData.swift */ = {isa = PBXFileReference; lastKnownFileType = sourcecode.swift; path = MetersData.swift; sourceTree = "<group>"; };
		1F00B7A9210E3FA70074D844 /* MetersDataInteractor.swift */ = {isa = PBXFileReference; lastKnownFileType = sourcecode.swift; path = MetersDataInteractor.swift; sourceTree = "<group>"; };
		1F00B7AB210E402F0074D844 /* DbConnectionInteractor.swift */ = {isa = PBXFileReference; lastKnownFileType = sourcecode.swift; path = DbConnectionInteractor.swift; sourceTree = "<group>"; };
		1F6A35782104F27C00402BDE /* Kvarplata.app */ = {isa = PBXFileReference; explicitFileType = wrapper.application; includeInIndex = 0; path = Kvarplata.app; sourceTree = BUILT_PRODUCTS_DIR; };
		1F6A357B2104F27C00402BDE /* AppDelegate.swift */ = {isa = PBXFileReference; lastKnownFileType = sourcecode.swift; path = AppDelegate.swift; sourceTree = "<group>"; };
		1F6A357D2104F27C00402BDE /* MainVC.swift */ = {isa = PBXFileReference; lastKnownFileType = sourcecode.swift; path = MainVC.swift; sourceTree = "<group>"; };
		1F6A35802104F27C00402BDE /* Base */ = {isa = PBXFileReference; lastKnownFileType = file.storyboard; name = Base; path = Base.lproj/MainVC.storyboard; sourceTree = "<group>"; };
		1F6A35822104F27E00402BDE /* Assets.xcassets */ = {isa = PBXFileReference; lastKnownFileType = folder.assetcatalog; path = Assets.xcassets; sourceTree = "<group>"; };
		1F6A35852104F27E00402BDE /* Base */ = {isa = PBXFileReference; lastKnownFileType = file.storyboard; name = Base; path = Base.lproj/LaunchScreen.storyboard; sourceTree = "<group>"; };
		1F6A35872104F27E00402BDE /* Info.plist */ = {isa = PBXFileReference; lastKnownFileType = text.plist.xml; path = Info.plist; sourceTree = "<group>"; };
		1F6A358D21050A3100402BDE /* MainCell.swift */ = {isa = PBXFileReference; lastKnownFileType = sourcecode.swift; path = MainCell.swift; sourceTree = "<group>"; };
		1F6A358F21050A3B00402BDE /* MainCell.xib */ = {isa = PBXFileReference; lastKnownFileType = file.xib; path = MainCell.xib; sourceTree = "<group>"; };
		6FD509F473391368C2781381 /* Pods-Kvarplata.release.xcconfig */ = {isa = PBXFileReference; includeInIndex = 1; lastKnownFileType = text.xcconfig; name = "Pods-Kvarplata.release.xcconfig"; path = "Pods/Target Support Files/Pods-Kvarplata/Pods-Kvarplata.release.xcconfig"; sourceTree = "<group>"; };
		784FE6DF45E7FBBD966DEA6A /* Pods-Kvarplata.debug.xcconfig */ = {isa = PBXFileReference; includeInIndex = 1; lastKnownFileType = text.xcconfig; name = "Pods-Kvarplata.debug.xcconfig"; path = "Pods/Target Support Files/Pods-Kvarplata/Pods-Kvarplata.debug.xcconfig"; sourceTree = "<group>"; };
		CB04351EE789A81E91BE2086 /* Pods_Kvarplata.framework */ = {isa = PBXFileReference; explicitFileType = wrapper.framework; includeInIndex = 0; path = Pods_Kvarplata.framework; sourceTree = BUILT_PRODUCTS_DIR; };
/* End PBXFileReference section */

/* Begin PBXFrameworksBuildPhase section */
		1F6A35752104F27C00402BDE /* Frameworks */ = {
			isa = PBXFrameworksBuildPhase;
			buildActionMask = 2147483647;
			files = (
				F27524ED031B97301C13F61A /* Pods_Kvarplata.framework in Frameworks */,
			);
			runOnlyForDeploymentPostprocessing = 0;
		};
/* End PBXFrameworksBuildPhase section */

/* Begin PBXGroup section */
		1F00B7A5210E3D310074D844 /* Data */ = {
			isa = PBXGroup;
			children = (
				1F00B7A6210E3D370074D844 /* Meters Data */,
			);
			path = Data;
			sourceTree = "<group>";
		};
		1F00B7A6210E3D370074D844 /* Meters Data */ = {
			isa = PBXGroup;
			children = (
				1F00B7A7210E3DF90074D844 /* MetersData.swift */,
				1F00B7A9210E3FA70074D844 /* MetersDataInteractor.swift */,
			);
			path = "Meters Data";
			sourceTree = "<group>";
		};
		1F6A356F2104F27C00402BDE = {
			isa = PBXGroup;
			children = (
				1F6A357A2104F27C00402BDE /* Kvarplata */,
				1F6A35792104F27C00402BDE /* Products */,
				2417A76F86A78D6AC2C682C7 /* Pods */,
				68823C845D33F22D5AF1B370 /* Frameworks */,
			);
			sourceTree = "<group>";
		};
		1F6A35792104F27C00402BDE /* Products */ = {
			isa = PBXGroup;
			children = (
				1F6A35782104F27C00402BDE /* Kvarplata.app */,
			);
			name = Products;
			sourceTree = "<group>";
		};
		1F6A357A2104F27C00402BDE /* Kvarplata */ = {
			isa = PBXGroup;
			children = (
				1F00B7A5210E3D310074D844 /* Data */,
				1F6A359521051C8A00402BDE /* View */,
				1F6A359321051C2200402BDE /* Resources */,
			);
			path = Kvarplata;
			sourceTree = "<group>";
		};
		1F6A359121051BA100402BDE /* Collecton View Cell */ = {
			isa = PBXGroup;
			children = (
				1F6A358F21050A3B00402BDE /* MainCell.xib */,
				1F6A358D21050A3100402BDE /* MainCell.swift */,
			);
			path = "Collecton View Cell";
			sourceTree = "<group>";
		};
		1F6A359321051C2200402BDE /* Resources */ = {
			isa = PBXGroup;
			children = (
				1F00B7AB210E402F0074D844 /* DbConnectionInteractor.swift */,
				1F6A357B2104F27C00402BDE /* AppDelegate.swift */,
				1F6A35822104F27E00402BDE /* Assets.xcassets */,
				1F6A35842104F27E00402BDE /* LaunchScreen.storyboard */,
				1F6A35872104F27E00402BDE /* Info.plist */,
			);
			name = Resources;
			sourceTree = "<group>";
		};
		1F6A359421051C6A00402BDE /* View Controller */ = {
			isa = PBXGroup;
			children = (
				1F6A357F2104F27C00402BDE /* MainVC.storyboard */,
				1F6A357D2104F27C00402BDE /* MainVC.swift */,
			);
			path = "View Controller";
			sourceTree = "<group>";
		};
		1F6A359521051C8A00402BDE /* View */ = {
			isa = PBXGroup;
			children = (
				1F6A359621051C9900402BDE /* Main */,
			);
			path = View;
			sourceTree = "<group>";
		};
		1F6A359621051C9900402BDE /* Main */ = {
			isa = PBXGroup;
			children = (
				1F6A359421051C6A00402BDE /* View Controller */,
				1F6A359121051BA100402BDE /* Collecton View Cell */,
			);
			path = Main;
			sourceTree = "<group>";
		};
		2417A76F86A78D6AC2C682C7 /* Pods */ = {
			isa = PBXGroup;
			children = (
				784FE6DF45E7FBBD966DEA6A /* Pods-Kvarplata.debug.xcconfig */,
				6FD509F473391368C2781381 /* Pods-Kvarplata.release.xcconfig */,
			);
			name = Pods;
			sourceTree = "<group>";
		};
		68823C845D33F22D5AF1B370 /* Frameworks */ = {
			isa = PBXGroup;
			children = (
				CB04351EE789A81E91BE2086 /* Pods_Kvarplata.framework */,
			);
			name = Frameworks;
			sourceTree = "<group>";
		};
/* End PBXGroup section */

/* Begin PBXNativeTarget section */
		1F6A35772104F27C00402BDE /* Kvarplata */ = {
			isa = PBXNativeTarget;
			buildConfigurationList = 1F6A358A2104F27E00402BDE /* Build configuration list for PBXNativeTarget "Kvarplata" */;
			buildPhases = (
				25B8D3B8A0FCF5124FBE2C4A /* [CP] Check Pods Manifest.lock */,
				1F6A35742104F27C00402BDE /* Sources */,
				1F6A35752104F27C00402BDE /* Frameworks */,
				1F6A35762104F27C00402BDE /* Resources */,
				04AA68181C64E452E55A82A4 /* [CP] Embed Pods Frameworks */,
				24DD61203E101203E3CEA1D1 /* [CP] Copy Pods Resources */,
			);
			buildRules = (
			);
			dependencies = (
			);
			name = Kvarplata;
			productName = Kvarplata;
			productReference = 1F6A35782104F27C00402BDE /* Kvarplata.app */;
			productType = "com.apple.product-type.application";
		};
/* End PBXNativeTarget section */

/* Begin PBXProject section */
		1F6A35702104F27C00402BDE /* Project object */ = {
			isa = PBXProject;
			attributes = {
				LastSwiftUpdateCheck = 0940;
				LastUpgradeCheck = 0940;
				ORGANIZATIONNAME = "Александр Смородов";
				TargetAttributes = {
					1F6A35772104F27C00402BDE = {
						CreatedOnToolsVersion = 9.4;
					};
				};
			};
			buildConfigurationList = 1F6A35732104F27C00402BDE /* Build configuration list for PBXProject "Kvarplata" */;
			compatibilityVersion = "Xcode 9.3";
			developmentRegion = en;
			hasScannedForEncodings = 0;
			knownRegions = (
				en,
				Base,
			);
			mainGroup = 1F6A356F2104F27C00402BDE;
			productRefGroup = 1F6A35792104F27C00402BDE /* Products */;
			projectDirPath = "";
			projectRoot = "";
			targets = (
				1F6A35772104F27C00402BDE /* Kvarplata */,
			);
		};
/* End PBXProject section */

/* Begin PBXResourcesBuildPhase section */
		1F6A35762104F27C00402BDE /* Resources */ = {
			isa = PBXResourcesBuildPhase;
			buildActionMask = 2147483647;
			files = (
				1F6A35862104F27E00402BDE /* LaunchScreen.storyboard in Resources */,
				1F6A35832104F27E00402BDE /* Assets.xcassets in Resources */,
				1F6A359021050A3B00402BDE /* MainCell.xib in Resources */,
				1F6A35812104F27C00402BDE /* MainVC.storyboard in Resources */,
			);
			runOnlyForDeploymentPostprocessing = 0;
		};
/* End PBXResourcesBuildPhase section */

/* Begin PBXShellScriptBuildPhase section */
		04AA68181C64E452E55A82A4 /* [CP] Embed Pods Frameworks */ = {
			isa = PBXShellScriptBuildPhase;
			buildActionMask = 2147483647;
			files = (
			);
			inputPaths = (
				"${SRCROOT}/Pods/Target Support Files/Pods-Kvarplata/Pods-Kvarplata-frameworks.sh",
				"${BUILT_PRODUCTS_DIR}/SQLite.swift/SQLite.framework",
			);
			name = "[CP] Embed Pods Frameworks";
			outputPaths = (
				"${TARGET_BUILD_DIR}/${FRAMEWORKS_FOLDER_PATH}/SQLite.framework",
			);
			runOnlyForDeploymentPostprocessing = 0;
			shellPath = /bin/sh;
			shellScript = "\"${SRCROOT}/Pods/Target Support Files/Pods-Kvarplata/Pods-Kvarplata-frameworks.sh\"\n";
			showEnvVarsInLog = 0;
		};
		24DD61203E101203E3CEA1D1 /* [CP] Copy Pods Resources */ = {
			isa = PBXShellScriptBuildPhase;
			buildActionMask = 2147483647;
			files = (
			);
			inputPaths = (
			);
			name = "[CP] Copy Pods Resources";
			outputPaths = (
			);
			runOnlyForDeploymentPostprocessing = 0;
			shellPath = /bin/sh;
			shellScript = "\"${SRCROOT}/Pods/Target Support Files/Pods-Kvarplata/Pods-Kvarplata-resources.sh\"\n";
			showEnvVarsInLog = 0;
		};
		25B8D3B8A0FCF5124FBE2C4A /* [CP] Check Pods Manifest.lock */ = {
			isa = PBXShellScriptBuildPhase;
			buildActionMask = 2147483647;
			files = (
			);
			inputPaths = (
				"${PODS_PODFILE_DIR_PATH}/Podfile.lock",
				"${PODS_ROOT}/Manifest.lock",
			);
			name = "[CP] Check Pods Manifest.lock";
			outputPaths = (
				"$(DERIVED_FILE_DIR)/Pods-Kvarplata-checkManifestLockResult.txt",
			);
			runOnlyForDeploymentPostprocessing = 0;
			shellPath = /bin/sh;
			shellScript = "diff \"${PODS_PODFILE_DIR_PATH}/Podfile.lock\" \"${PODS_ROOT}/Manifest.lock\" > /dev/null\nif [ $? != 0 ] ; then\n    # print error to STDERR\n    echo \"error: The sandbox is not in sync with the Podfile.lock. Run 'pod install' or update your CocoaPods installation.\" >&2\n    exit 1\nfi\n# This output is used by Xcode 'outputs' to avoid re-running this script phase.\necho \"SUCCESS\" > \"${SCRIPT_OUTPUT_FILE_0}\"\n";
			showEnvVarsInLog = 0;
		};
/* End PBXShellScriptBuildPhase section */

/* Begin PBXSourcesBuildPhase section */
		1F6A35742104F27C00402BDE /* Sources */ = {
			isa = PBXSourcesBuildPhase;
			buildActionMask = 2147483647;
			files = (
				1F6A357E2104F27C00402BDE /* MainVC.swift in Sources */,
				1F00B7A8210E3DF90074D844 /* MetersData.swift in Sources */,
				1F00B7AC210E402F0074D844 /* DbConnectionInteractor.swift in Sources */,
				1F00B7AA210E3FA70074D844 /* MetersDataInteractor.swift in Sources */,
				1F6A357C2104F27C00402BDE /* AppDelegate.swift in Sources */,
				1F6A358E21050A3100402BDE /* MainCell.swift in Sources */,
			);
			runOnlyForDeploymentPostprocessing = 0;
		};
/* End PBXSourcesBuildPhase section */

/* Begin PBXVariantGroup section */
		1F6A357F2104F27C00402BDE /* MainVC.storyboard */ = {
			isa = PBXVariantGroup;
			children = (
				1F6A35802104F27C00402BDE /* Base */,
			);
			name = MainVC.storyboard;
			sourceTree = "<group>";
		};
		1F6A35842104F27E00402BDE /* LaunchScreen.storyboard */ = {
			isa = PBXVariantGroup;
			children = (
				1F6A35852104F27E00402BDE /* Base */,
			);
			name = LaunchScreen.storyboard;
			sourceTree = "<group>";
		};
/* End PBXVariantGroup section */

/* Begin XCBuildConfiguration section */
		1F6A35882104F27E00402BDE /* Debug */ = {
			isa = XCBuildConfiguration;
			buildSettings = {
				ALWAYS_SEARCH_USER_PATHS = NO;
				CLANG_ANALYZER_NONNULL = YES;
				CLANG_ANALYZER_NUMBER_OBJECT_CONVERSION = YES_AGGRESSIVE;
				CLANG_CXX_LANGUAGE_STANDARD = "gnu++14";
				CLANG_CXX_LIBRARY = "libc++";
				CLANG_ENABLE_MODULES = YES;
				CLANG_ENABLE_OBJC_ARC = YES;
				CLANG_ENABLE_OBJC_WEAK = YES;
				CLANG_WARN_BLOCK_CAPTURE_AUTORELEASING = YES;
				CLANG_WARN_BOOL_CONVERSION = YES;
				CLANG_WARN_COMMA = YES;
				CLANG_WARN_CONSTANT_CONVERSION = YES;
				CLANG_WARN_DEPRECATED_OBJC_IMPLEMENTATIONS = YES;
				CLANG_WARN_DIRECT_OBJC_ISA_USAGE = YES_ERROR;
				CLANG_WARN_DOCUMENTATION_COMMENTS = YES;
				CLANG_WARN_EMPTY_BODY = YES;
				CLANG_WARN_ENUM_CONVERSION = YES;
				CLANG_WARN_INFINITE_RECURSION = YES;
				CLANG_WARN_INT_CONVERSION = YES;
				CLANG_WARN_NON_LITERAL_NULL_CONVERSION = YES;
				CLANG_WARN_OBJC_IMPLICIT_RETAIN_SELF = YES;
				CLANG_WARN_OBJC_LITERAL_CONVERSION = YES;
				CLANG_WARN_OBJC_ROOT_CLASS = YES_ERROR;
				CLANG_WARN_RANGE_LOOP_ANALYSIS = YES;
				CLANG_WARN_STRICT_PROTOTYPES = YES;
				CLANG_WARN_SUSPICIOUS_MOVE = YES;
				CLANG_WARN_UNGUARDED_AVAILABILITY = YES_AGGRESSIVE;
				CLANG_WARN_UNREACHABLE_CODE = YES;
				CLANG_WARN__DUPLICATE_METHOD_MATCH = YES;
				CODE_SIGN_IDENTITY = "iPhone Developer";
				COPY_PHASE_STRIP = NO;
				DEBUG_INFORMATION_FORMAT = dwarf;
				ENABLE_STRICT_OBJC_MSGSEND = YES;
				ENABLE_TESTABILITY = YES;
				GCC_C_LANGUAGE_STANDARD = gnu11;
				GCC_DYNAMIC_NO_PIC = NO;
				GCC_NO_COMMON_BLOCKS = YES;
				GCC_OPTIMIZATION_LEVEL = 0;
				GCC_PREPROCESSOR_DEFINITIONS = (
					"DEBUG=1",
					"$(inherited)",
				);
				GCC_WARN_64_TO_32_BIT_CONVERSION = YES;
				GCC_WARN_ABOUT_RETURN_TYPE = YES_ERROR;
				GCC_WARN_UNDECLARED_SELECTOR = YES;
				GCC_WARN_UNINITIALIZED_AUTOS = YES_AGGRESSIVE;
				GCC_WARN_UNUSED_FUNCTION = YES;
				GCC_WARN_UNUSED_VARIABLE = YES;
				IPHONEOS_DEPLOYMENT_TARGET = 11.4;
				MTL_ENABLE_DEBUG_INFO = YES;
				ONLY_ACTIVE_ARCH = YES;
				SDKROOT = iphoneos;
				SWIFT_ACTIVE_COMPILATION_CONDITIONS = DEBUG;
				SWIFT_OPTIMIZATION_LEVEL = "-Onone";
			};
			name = Debug;
		};
		1F6A35892104F27E00402BDE /* Release */ = {
			isa = XCBuildConfiguration;
			buildSettings = {
				ALWAYS_SEARCH_USER_PATHS = NO;
				CLANG_ANALYZER_NONNULL = YES;
				CLANG_ANALYZER_NUMBER_OBJECT_CONVERSION = YES_AGGRESSIVE;
				CLANG_CXX_LANGUAGE_STANDARD = "gnu++14";
				CLANG_CXX_LIBRARY = "libc++";
				CLANG_ENABLE_MODULES = YES;
				CLANG_ENABLE_OBJC_ARC = YES;
				CLANG_ENABLE_OBJC_WEAK = YES;
				CLANG_WARN_BLOCK_CAPTURE_AUTORELEASING = YES;
				CLANG_WARN_BOOL_CONVERSION = YES;
				CLANG_WARN_COMMA = YES;
				CLANG_WARN_CONSTANT_CONVERSION = YES;
				CLANG_WARN_DEPRECATED_OBJC_IMPLEMENTATIONS = YES;
				CLANG_WARN_DIRECT_OBJC_ISA_USAGE = YES_ERROR;
				CLANG_WARN_DOCUMENTATION_COMMENTS = YES;
				CLANG_WARN_EMPTY_BODY = YES;
				CLANG_WARN_ENUM_CONVERSION = YES;
				CLANG_WARN_INFINITE_RECURSION = YES;
				CLANG_WARN_INT_CONVERSION = YES;
				CLANG_WARN_NON_LITERAL_NULL_CONVERSION = YES;
				CLANG_WARN_OBJC_IMPLICIT_RETAIN_SELF = YES;
				CLANG_WARN_OBJC_LITERAL_CONVERSION = YES;
				CLANG_WARN_OBJC_ROOT_CLASS = YES_ERROR;
				CLANG_WARN_RANGE_LOOP_ANALYSIS = YES;
				CLANG_WARN_STRICT_PROTOTYPES = YES;
				CLANG_WARN_SUSPICIOUS_MOVE = YES;
				CLANG_WARN_UNGUARDED_AVAILABILITY = YES_AGGRESSIVE;
				CLANG_WARN_UNREACHABLE_CODE = YES;
				CLANG_WARN__DUPLICATE_METHOD_MATCH = YES;
				CODE_SIGN_IDENTITY = "iPhone Developer";
				COPY_PHASE_STRIP = NO;
				DEBUG_INFORMATION_FORMAT = "dwarf-with-dsym";
				ENABLE_NS_ASSERTIONS = NO;
				ENABLE_STRICT_OBJC_MSGSEND = YES;
				GCC_C_LANGUAGE_STANDARD = gnu11;
				GCC_NO_COMMON_BLOCKS = YES;
				GCC_WARN_64_TO_32_BIT_CONVERSION = YES;
				GCC_WARN_ABOUT_RETURN_TYPE = YES_ERROR;
				GCC_WARN_UNDECLARED_SELECTOR = YES;
				GCC_WARN_UNINITIALIZED_AUTOS = YES_AGGRESSIVE;
				GCC_WARN_UNUSED_FUNCTION = YES;
				GCC_WARN_UNUSED_VARIABLE = YES;
				IPHONEOS_DEPLOYMENT_TARGET = 11.4;
				MTL_ENABLE_DEBUG_INFO = NO;
				SDKROOT = iphoneos;
				SWIFT_COMPILATION_MODE = wholemodule;
				SWIFT_OPTIMIZATION_LEVEL = "-O";
				VALIDATE_PRODUCT = YES;
			};
			name = Release;
		};
		1F6A358B2104F27E00402BDE /* Debug */ = {
			isa = XCBuildConfiguration;
			baseConfigurationReference = 784FE6DF45E7FBBD966DEA6A /* Pods-Kvarplata.debug.xcconfig */;
			buildSettings = {
				ASSETCATALOG_COMPILER_APPICON_NAME = AppIcon;
				CODE_SIGN_STYLE = Automatic;
				DEVELOPMENT_TEAM = C538825TBW;
				INFOPLIST_FILE = Kvarplata/Info.plist;
				LD_RUNPATH_SEARCH_PATHS = (
					"$(inherited)",
					"@executable_path/Frameworks",
				);
				PRODUCT_BUNDLE_IDENTIFIER = alex.sm.Kvarplata;
				PRODUCT_NAME = "$(TARGET_NAME)";
				SWIFT_VERSION = 4.0;
				TARGETED_DEVICE_FAMILY = "1,2";
			};
			name = Debug;
		};
		1F6A358C2104F27E00402BDE /* Release */ = {
			isa = XCBuildConfiguration;
			baseConfigurationReference = 6FD509F473391368C2781381 /* Pods-Kvarplata.release.xcconfig */;
			buildSettings = {
				ASSETCATALOG_COMPILER_APPICON_NAME = AppIcon;
				CODE_SIGN_STYLE = Automatic;
				DEVELOPMENT_TEAM = C538825TBW;
				INFOPLIST_FILE = Kvarplata/Info.plist;
				LD_RUNPATH_SEARCH_PATHS = (
					"$(inherited)",
					"@executable_path/Frameworks",
				);
				PRODUCT_BUNDLE_IDENTIFIER = alex.sm.Kvarplata;
				PRODUCT_NAME = "$(TARGET_NAME)";
				SWIFT_VERSION = 4.0;
				TARGETED_DEVICE_FAMILY = "1,2";
			};
			name = Release;
		};
/* End XCBuildConfiguration section */

/* Begin XCConfigurationList section */
		1F6A35732104F27C00402BDE /* Build configuration list for PBXProject "Kvarplata" */ = {
			isa = XCConfigurationList;
			buildConfigurations = (
				1F6A35882104F27E00402BDE /* Debug */,
				1F6A35892104F27E00402BDE /* Release */,
			);
			defaultConfigurationIsVisible = 0;
			defaultConfigurationName = Release;
		};
		1F6A358A2104F27E00402BDE /* Build configuration list for PBXNativeTarget "Kvarplata" */ = {
			isa = XCConfigurationList;
			buildConfigurations = (
				1F6A358B2104F27E00402BDE /* Debug */,
				1F6A358C2104F27E00402BDE /* Release */,
			);
			defaultConfigurationIsVisible = 0;
			defaultConfigurationName = Release;
		};
/* End XCConfigurationList section */
	};
	rootObject = 1F6A35702104F27C00402BDE /* Project object */;
}
